
Microsoft Visual Studio Solution File, Format Version 12.00
# Visual Studio 15
VisualStudioVersion = 15.0.26730.15
MinimumVisualStudioVersion = 10.0.40219.1
Project("{9A19103F-16F7-4668-BE54-9A1E7A4F7556}") = "Qluent", "Qluent\Qluent.csproj", "{E7F04B34-BECC-4EBC-AC0F-C11803009A9D}"
EndProject
Project("{9A19103F-16F7-4668-BE54-9A1E7A4F7556}") = "Qluent.NetCore.Tests", "Qluent.NetCore.Tests\Qluent.NetCore.Tests.csproj", "{97F9F112-433C-4EEE-9195-5AF14E4BA957}"
EndProject
Project("{2150E333-8FDC-42A3-9474-1A3956D46DE8}") = "Solution Items", "Solution Items", "{81A17AC0-5051-40F5-BDCA-2530DA283926}"
	ProjectSection(SolutionItems) = preProject
		..\.gitattributes = ..\.gitattributes
		..\.gitignore = ..\.gitignore
		..\appveyor.yml = ..\appveyor.yml
		..\LICENSE = ..\LICENSE
		..\README.md = ..\README.md
		scripts\start-azure-storage-emulator.ps1 = scripts\start-azure-storage-emulator.ps1
	EndProjectSection
EndProject
Project("{9A19103F-16F7-4668-BE54-9A1E7A4F7556}") = "Qluent.NetCore.ConsumerTestHarness", "Qluent.NetCore.ConsumerTestHarness\Qluent.NetCore.ConsumerTestHarness.csproj", "{5A94D32F-1AB3-4A3F-9F31-E3075A22AC27}"
EndProject
Global
	GlobalSection(SolutionConfigurationPlatforms) = preSolution
		Debug|Any CPU = Debug|Any CPU
		Release|Any CPU = Release|Any CPU
	EndGlobalSection
	GlobalSection(ProjectConfigurationPlatforms) = postSolution
		{E7F04B34-BECC-4EBC-AC0F-C11803009A9D}.Debug|Any CPU.ActiveCfg = Debug|Any CPU
		{E7F04B34-BECC-4EBC-AC0F-C11803009A9D}.Debug|Any CPU.Build.0 = Debug|Any CPU
		{E7F04B34-BECC-4EBC-AC0F-C11803009A9D}.Release|Any CPU.ActiveCfg = Release|Any CPU
		{E7F04B34-BECC-4EBC-AC0F-C11803009A9D}.Release|Any CPU.Build.0 = Release|Any CPU
		{97F9F112-433C-4EEE-9195-5AF14E4BA957}.Debug|Any CPU.ActiveCfg = Debug|Any CPU
		{97F9F112-433C-4EEE-9195-5AF14E4BA957}.Debug|Any CPU.Build.0 = Debug|Any CPU
		{97F9F112-433C-4EEE-9195-5AF14E4BA957}.Release|Any CPU.ActiveCfg = Release|Any CPU
		{97F9F112-433C-4EEE-9195-5AF14E4BA957}.Release|Any CPU.Build.0 = Release|Any CPU
		{5A94D32F-1AB3-4A3F-9F31-E3075A22AC27}.Debug|Any CPU.ActiveCfg = Debug|Any CPU
		{5A94D32F-1AB3-4A3F-9F31-E3075A22AC27}.Debug|Any CPU.Build.0 = Debug|Any CPU
		{5A94D32F-1AB3-4A3F-9F31-E3075A22AC27}.Release|Any CPU.ActiveCfg = Release|Any CPU
		{5A94D32F-1AB3-4A3F-9F31-E3075A22AC27}.Release|Any CPU.Build.0 = Release|Any CPU
	EndGlobalSection
	GlobalSection(SolutionProperties) = preSolution
		HideSolutionNode = FALSE
	EndGlobalSection
	GlobalSection(ExtensibilityGlobals) = postSolution
		SolutionGuid = {678BDD58-6750-46DB-9060-CF1E0C3ECC5F}
	EndGlobalSection
EndGlobal
